
Microsoft Visual Studio Solution File, Format Version 12.00
# Visual Studio 15
VisualStudioVersion = 15.0.28307.902
MinimumVisualStudioVersion = 10.0.40219.1
Project("{2150E333-8FDC-42A3-9474-1A3956D46DE8}") = "scr", "scr", "{8D895F05-1F2E-471F-B862-EC06100C2027}"
EndProject
Project("{2150E333-8FDC-42A3-9474-1A3956D46DE8}") = "Common", "Common", "{B768FD7B-C8F7-4D29-96FB-AC11EB42CE19}"
EndProject
Project("{2150E333-8FDC-42A3-9474-1A3956D46DE8}") = "WebJobs", "WebJobs", "{54656F3E-FA3D-44FF-BBD1-9BA2733A7B9F}"
EndProject
Project("{2150E333-8FDC-42A3-9474-1A3956D46DE8}") = "Gucm.Api", "Gucm.Api", "{5C5A2EB8-03F3-41EB-8A4D-809252AC9E3C}"
EndProject
Project("{2150E333-8FDC-42A3-9474-1A3956D46DE8}") = "Unit Testing", "Unit Testing", "{C71EFB0C-D2F0-497C-8EE7-259392179660}"
EndProject
Project("{9A19103F-16F7-4668-BE54-9A1E7A4F7556}") = "Gucm.Api", "Common\Common.Api\Gucm.Api.csproj", "{A1310482-0328-4CB8-BF32-EEF725318408}"
EndProject
Project("{9A19103F-16F7-4668-BE54-9A1E7A4F7556}") = "Common.Data.EntityFramework", "Common\Common.Data.EntityFramework\Common.Data.EntityFramework.csproj", "{0B85268C-2CEA-4A86-A84B-DEA37BC91EE5}"
EndProject
Project("{9A19103F-16F7-4668-BE54-9A1E7A4F7556}") = "Common.Domain", "Common\Common.Domain\Common.Domain.csproj", "{89AEB1C2-B2EC-47C5-86D8-9711A2691A33}"
EndProject
Project("{9A19103F-16F7-4668-BE54-9A1E7A4F7556}") = "Common.Infrastructure", "Common\Common.Infrastructure\Common.Infrastructure.csproj", "{2BAC3A5E-C5BF-4AC2-979D-298C952A15A5}"
EndProject
Project("{9A19103F-16F7-4668-BE54-9A1E7A4F7556}") = "Gucm.Application", "Gucm.Api\Gucm.Application\Gucm.Application.csproj", "{F6FBFF85-6B27-434D-9BA0-08C4C77CC606}"
EndProject
Project("{9A19103F-16F7-4668-BE54-9A1E7A4F7556}") = "Gucm.Data", "Gucm.Api\Gucm.Data\Gucm.Data.csproj", "{E20557D7-441A-4F9F-B50E-ED50378ED199}"
EndProject
Project("{9A19103F-16F7-4668-BE54-9A1E7A4F7556}") = "Gucm.WebApi", "Gucm.Api\Gucm.WebApi\Gucm.WebApi.csproj", "{82F0038F-BDFA-47E9-9EC1-D664DEB21C87}"
EndProject
Project("{9A19103F-16F7-4668-BE54-9A1E7A4F7556}") = "Gucm.Domain", "Gucm.Api\Gucm.Domain\Gucm.Domain.csproj", "{562390CA-37E9-4901-BC15-362EC62ABDDB}"
EndProject
Project("{9A19103F-16F7-4668-BE54-9A1E7A4F7556}") = "Common.Data.Dapper", "Common\Common.Data.Dapper\Common.Data.Dapper.csproj", "{5AE563AF-7732-4121-A440-DDDB6B847B5B}"
EndProject
Project("{2150E333-8FDC-42A3-9474-1A3956D46DE8}") = "IdentityServer", "IdentityServer", "{D39C7996-572F-405B-8616-166100E1CDCA}"
EndProject
Project("{FAE04EC0-301F-11D3-BF4B-00C04F79EFBC}") = "Gucm.IdentityServer", "IdentityServer\Gucm.IdentityServer\Gucm.IdentityServer.csproj", "{0E453BB7-CD50-4DE6-A066-5A7334024910}"
EndProject
Global
	GlobalSection(SolutionConfigurationPlatforms) = preSolution
		Debug|Any CPU = Debug|Any CPU
		Release|Any CPU = Release|Any CPU
	EndGlobalSection
	GlobalSection(ProjectConfigurationPlatforms) = postSolution
		{A1310482-0328-4CB8-BF32-EEF725318408}.Debug|Any CPU.ActiveCfg = Debug|Any CPU
		{A1310482-0328-4CB8-BF32-EEF725318408}.Debug|Any CPU.Build.0 = Debug|Any CPU
		{A1310482-0328-4CB8-BF32-EEF725318408}.Release|Any CPU.ActiveCfg = Release|Any CPU
		{A1310482-0328-4CB8-BF32-EEF725318408}.Release|Any CPU.Build.0 = Release|Any CPU
		{0B85268C-2CEA-4A86-A84B-DEA37BC91EE5}.Debug|Any CPU.ActiveCfg = Debug|Any CPU
		{0B85268C-2CEA-4A86-A84B-DEA37BC91EE5}.Debug|Any CPU.Build.0 = Debug|Any CPU
		{0B85268C-2CEA-4A86-A84B-DEA37BC91EE5}.Release|Any CPU.ActiveCfg = Release|Any CPU
		{0B85268C-2CEA-4A86-A84B-DEA37BC91EE5}.Release|Any CPU.Build.0 = Release|Any CPU
		{89AEB1C2-B2EC-47C5-86D8-9711A2691A33}.Debug|Any CPU.ActiveCfg = Debug|Any CPU
		{89AEB1C2-B2EC-47C5-86D8-9711A2691A33}.Debug|Any CPU.Build.0 = Debug|Any CPU
		{89AEB1C2-B2EC-47C5-86D8-9711A2691A33}.Release|Any CPU.ActiveCfg = Release|Any CPU
		{89AEB1C2-B2EC-47C5-86D8-9711A2691A33}.Release|Any CPU.Build.0 = Release|Any CPU
		{2BAC3A5E-C5BF-4AC2-979D-298C952A15A5}.Debug|Any CPU.ActiveCfg = Debug|Any CPU
		{2BAC3A5E-C5BF-4AC2-979D-298C952A15A5}.Debug|Any CPU.Build.0 = Debug|Any CPU
		{2BAC3A5E-C5BF-4AC2-979D-298C952A15A5}.Release|Any CPU.ActiveCfg = Release|Any CPU
		{2BAC3A5E-C5BF-4AC2-979D-298C952A15A5}.Release|Any CPU.Build.0 = Release|Any CPU
		{F6FBFF85-6B27-434D-9BA0-08C4C77CC606}.Debug|Any CPU.ActiveCfg = Debug|Any CPU
		{F6FBFF85-6B27-434D-9BA0-08C4C77CC606}.Debug|Any CPU.Build.0 = Debug|Any CPU
		{F6FBFF85-6B27-434D-9BA0-08C4C77CC606}.Release|Any CPU.ActiveCfg = Release|Any CPU
		{F6FBFF85-6B27-434D-9BA0-08C4C77CC606}.Release|Any CPU.Build.0 = Release|Any CPU
		{E20557D7-441A-4F9F-B50E-ED50378ED199}.Debug|Any CPU.ActiveCfg = Debug|Any CPU
		{E20557D7-441A-4F9F-B50E-ED50378ED199}.Debug|Any CPU.Build.0 = Debug|Any CPU
		{E20557D7-441A-4F9F-B50E-ED50378ED199}.Release|Any CPU.ActiveCfg = Release|Any CPU
		{E20557D7-441A-4F9F-B50E-ED50378ED199}.Release|Any CPU.Build.0 = Release|Any CPU
		{82F0038F-BDFA-47E9-9EC1-D664DEB21C87}.Debug|Any CPU.ActiveCfg = Debug|Any CPU
		{82F0038F-BDFA-47E9-9EC1-D664DEB21C87}.Debug|Any CPU.Build.0 = Debug|Any CPU
		{82F0038F-BDFA-47E9-9EC1-D664DEB21C87}.Release|Any CPU.ActiveCfg = Release|Any CPU
		{82F0038F-BDFA-47E9-9EC1-D664DEB21C87}.Release|Any CPU.Build.0 = Release|Any CPU
		{562390CA-37E9-4901-BC15-362EC62ABDDB}.Debug|Any CPU.ActiveCfg = Debug|Any CPU
		{562390CA-37E9-4901-BC15-362EC62ABDDB}.Debug|Any CPU.Build.0 = Debug|Any CPU
		{562390CA-37E9-4901-BC15-362EC62ABDDB}.Release|Any CPU.ActiveCfg = Release|Any CPU
		{562390CA-37E9-4901-BC15-362EC62ABDDB}.Release|Any CPU.Build.0 = Release|Any CPU
		{5AE563AF-7732-4121-A440-DDDB6B847B5B}.Debug|Any CPU.ActiveCfg = Debug|Any CPU
		{5AE563AF-7732-4121-A440-DDDB6B847B5B}.Debug|Any CPU.Build.0 = Debug|Any CPU
		{5AE563AF-7732-4121-A440-DDDB6B847B5B}.Release|Any CPU.ActiveCfg = Release|Any CPU
		{5AE563AF-7732-4121-A440-DDDB6B847B5B}.Release|Any CPU.Build.0 = Release|Any CPU
		{0E453BB7-CD50-4DE6-A066-5A7334024910}.Debug|Any CPU.ActiveCfg = Debug|Any CPU
		{0E453BB7-CD50-4DE6-A066-5A7334024910}.Debug|Any CPU.Build.0 = Debug|Any CPU
		{0E453BB7-CD50-4DE6-A066-5A7334024910}.Release|Any CPU.ActiveCfg = Release|Any CPU
		{0E453BB7-CD50-4DE6-A066-5A7334024910}.Release|Any CPU.Build.0 = Release|Any CPU
	EndGlobalSection
	GlobalSection(SolutionProperties) = preSolution
		HideSolutionNode = FALSE
	EndGlobalSection
	GlobalSection(NestedProjects) = preSolution
		{B768FD7B-C8F7-4D29-96FB-AC11EB42CE19} = {8D895F05-1F2E-471F-B862-EC06100C2027}
		{54656F3E-FA3D-44FF-BBD1-9BA2733A7B9F} = {8D895F05-1F2E-471F-B862-EC06100C2027}
		{5C5A2EB8-03F3-41EB-8A4D-809252AC9E3C} = {8D895F05-1F2E-471F-B862-EC06100C2027}
		{C71EFB0C-D2F0-497C-8EE7-259392179660} = {8D895F05-1F2E-471F-B862-EC06100C2027}
		{A1310482-0328-4CB8-BF32-EEF725318408} = {B768FD7B-C8F7-4D29-96FB-AC11EB42CE19}
		{0B85268C-2CEA-4A86-A84B-DEA37BC91EE5} = {B768FD7B-C8F7-4D29-96FB-AC11EB42CE19}
		{89AEB1C2-B2EC-47C5-86D8-9711A2691A33} = {B768FD7B-C8F7-4D29-96FB-AC11EB42CE19}
		{2BAC3A5E-C5BF-4AC2-979D-298C952A15A5} = {B768FD7B-C8F7-4D29-96FB-AC11EB42CE19}
		{F6FBFF85-6B27-434D-9BA0-08C4C77CC606} = {5C5A2EB8-03F3-41EB-8A4D-809252AC9E3C}
		{E20557D7-441A-4F9F-B50E-ED50378ED199} = {5C5A2EB8-03F3-41EB-8A4D-809252AC9E3C}
		{82F0038F-BDFA-47E9-9EC1-D664DEB21C87} = {5C5A2EB8-03F3-41EB-8A4D-809252AC9E3C}
		{562390CA-37E9-4901-BC15-362EC62ABDDB} = {5C5A2EB8-03F3-41EB-8A4D-809252AC9E3C}
		{5AE563AF-7732-4121-A440-DDDB6B847B5B} = {B768FD7B-C8F7-4D29-96FB-AC11EB42CE19}
		{D39C7996-572F-405B-8616-166100E1CDCA} = {8D895F05-1F2E-471F-B862-EC06100C2027}
		{0E453BB7-CD50-4DE6-A066-5A7334024910} = {D39C7996-572F-405B-8616-166100E1CDCA}
	EndGlobalSection
	GlobalSection(ExtensibilityGlobals) = postSolution
		SolutionGuid = {DE6DFA83-F806-4B02-8F22-66DD732888B0}
	EndGlobalSection
EndGlobal
